// !$*UTF8*$!
{
	archiveVersion = 1;
	classes = {
	};
	objectVersion = 46;
	objects = {

/* Begin PBXBuildFile section */
		2E8A49F41AC2AC7800D37B1B /* main.m in Sources */ = {isa = PBXBuildFile; fileRef = 2E8A49F31AC2AC7800D37B1B /* main.m */; };
		2E8A49F71AC2AC7800D37B1B /* AppDelegate.m in Sources */ = {isa = PBXBuildFile; fileRef = 2E8A49F61AC2AC7800D37B1B /* AppDelegate.m */; };
		2E8A49FA1AC2AC7800D37B1B /* MyHospital.xcdatamodeld in Sources */ = {isa = PBXBuildFile; fileRef = 2E8A49F81AC2AC7800D37B1B /* MyHospital.xcdatamodeld */; };
		2E8A49FD1AC2AC7800D37B1B /* ViewController.m in Sources */ = {isa = PBXBuildFile; fileRef = 2E8A49FC1AC2AC7800D37B1B /* ViewController.m */; };
		2E8A4A001AC2AC7800D37B1B /* Main.storyboard in Resources */ = {isa = PBXBuildFile; fileRef = 2E8A49FE1AC2AC7800D37B1B /* Main.storyboard */; };
		2E8A4A021AC2AC7800D37B1B /* Images.xcassets in Resources */ = {isa = PBXBuildFile; fileRef = 2E8A4A011AC2AC7800D37B1B /* Images.xcassets */; };
		2E8A4A051AC2AC7800D37B1B /* LaunchScreen.xib in Resources */ = {isa = PBXBuildFile; fileRef = 2E8A4A031AC2AC7800D37B1B /* LaunchScreen.xib */; };
		2E8A4A111AC2AC7800D37B1B /* MyHospitalTests.m in Sources */ = {isa = PBXBuildFile; fileRef = 2E8A4A101AC2AC7800D37B1B /* MyHospitalTests.m */; };
/* End PBXBuildFile section */

/* Begin PBXContainerItemProxy section */
		2E8A4A0B1AC2AC7800D37B1B /* PBXContainerItemProxy */ = {
			isa = PBXContainerItemProxy;
			containerPortal = 2E8A49E61AC2AC7700D37B1B /* Project object */;
			proxyType = 1;
			remoteGlobalIDString = 2E8A49ED1AC2AC7700D37B1B;
			remoteInfo = MyHospital;
		};
/* End PBXContainerItemProxy section */

/* Begin PBXFileReference section */
		2E8A49EE1AC2AC7700D37B1B /* MyHospital.app */ = {isa = PBXFileReference; explicitFileType = wrapper.application; includeInIndex = 0; path = MyHospital.app; sourceTree = BUILT_PRODUCTS_DIR; };
		2E8A49F21AC2AC7800D37B1B /* Info.plist */ = {isa = PBXFileReference; lastKnownFileType = text.plist.xml; path = Info.plist; sourceTree = "<group>"; };
		2E8A49F31AC2AC7800D37B1B /* main.m */ = {isa = PBXFileReference; lastKnownFileType = sourcecode.c.objc; path = main.m; sourceTree = "<group>"; };
		2E8A49F51AC2AC7800D37B1B /* AppDelegate.h */ = {isa = PBXFileReference; lastKnownFileType = sourcecode.c.h; path = AppDelegate.h; sourceTree = "<group>"; };
		2E8A49F61AC2AC7800D37B1B /* AppDelegate.m */ = {isa = PBXFileReference; lastKnownFileType = sourcecode.c.objc; path = AppDelegate.m; sourceTree = "<group>"; };
		2E8A49F91AC2AC7800D37B1B /* MyHospital.xcdatamodel */ = {isa = PBXFileReference; lastKnownFileType = wrapper.xcdatamodel; path = MyHospital.xcdatamodel; sourceTree = "<group>"; };
		2E8A49FB1AC2AC7800D37B1B /* ViewController.h */ = {isa = PBXFileReference; lastKnownFileType = sourcecode.c.h; path = ViewController.h; sourceTree = "<group>"; };
		2E8A49FC1AC2AC7800D37B1B /* ViewController.m */ = {isa = PBXFileReference; lastKnownFileType = sourcecode.c.objc; path = ViewController.m; sourceTree = "<group>"; };
		2E8A49FF1AC2AC7800D37B1B /* Base */ = {isa = PBXFileReference; lastKnownFileType = file.storyboard; name = Base; path = Base.lproj/Main.storyboard; sourceTree = "<group>"; };
		2E8A4A011AC2AC7800D37B1B /* Images.xcassets */ = {isa = PBXFileReference; lastKnownFileType = folder.assetcatalog; path = Images.xcassets; sourceTree = "<group>"; };
		2E8A4A041AC2AC7800D37B1B /* Base */ = {isa = PBXFileReference; lastKnownFileType = file.xib; name = Base; path = Base.lproj/LaunchScreen.xib; sourceTree = "<group>"; };
		2E8A4A0A1AC2AC7800D37B1B /* MyHospitalTests.xctest */ = {isa = PBXFileReference; explicitFileType = wrapper.cfbundle; includeInIndex = 0; path = MyHospitalTests.xctest; sourceTree = BUILT_PRODUCTS_DIR; };
		2E8A4A0F1AC2AC7800D37B1B /* Info.plist */ = {isa = PBXFileReference; lastKnownFileType = text.plist.xml; path = Info.plist; sourceTree = "<group>"; };
		2E8A4A101AC2AC7800D37B1B /* MyHospitalTests.m */ = {isa = PBXFileReference; lastKnownFileType = sourcecode.c.objc; path = MyHospitalTests.m; sourceTree = "<group>"; };
/* End PBXFileReference section */

/* Begin PBXFrameworksBuildPhase section */
		2E8A49EB1AC2AC7700D37B1B /* Frameworks */ = {
			isa = PBXFrameworksBuildPhase;
			buildActionMask = 2147483647;
			files = (
			);
			runOnlyForDeploymentPostprocessing = 0;
		};
		2E8A4A071AC2AC7800D37B1B /* Frameworks */ = {
			isa = PBXFrameworksBuildPhase;
			buildActionMask = 2147483647;
			files = (
			);
			runOnlyForDeploymentPostprocessing = 0;
		};
/* End PBXFrameworksBuildPhase section */

/* Begin PBXGroup section */
		2E8A49E51AC2AC7700D37B1B = {
			isa = PBXGroup;
			children = (
				2E8A49F01AC2AC7700D37B1B /* MyHospital */,
				2E8A4A0D1AC2AC7800D37B1B /* MyHospitalTests */,
				2E8A49EF1AC2AC7700D37B1B /* Products */,
			);
			sourceTree = "<group>";
		};
		2E8A49EF1AC2AC7700D37B1B /* Products */ = {
			isa = PBXGroup;
			children = (
				2E8A49EE1AC2AC7700D37B1B /* MyHospital.app */,
				2E8A4A0A1AC2AC7800D37B1B /* MyHospitalTests.xctest */,
			);
			name = Products;
			sourceTree = "<group>";
		};
		2E8A49F01AC2AC7700D37B1B /* MyHospital */ = {
			isa = PBXGroup;
			children = (
				2E8A49F51AC2AC7800D37B1B /* AppDelegate.h */,
				2E8A49F61AC2AC7800D37B1B /* AppDelegate.m */,
				2E8A49FB1AC2AC7800D37B1B /* ViewController.h */,
				2E8A49FC1AC2AC7800D37B1B /* ViewController.m */,
				2E8A49FE1AC2AC7800D37B1B /* Main.storyboard */,
				2E8A4A011AC2AC7800D37B1B /* Images.xcassets */,
				2E8A4A031AC2AC7800D37B1B /* LaunchScreen.xib */,
				2E8A49F81AC2AC7800D37B1B /* MyHospital.xcdatamodeld */,
				2E8A49F11AC2AC7800D37B1B /* Supporting Files */,
			);
			path = MyHospital;
			sourceTree = "<group>";
		};
		2E8A49F11AC2AC7800D37B1B /* Supporting Files */ = {
			isa = PBXGroup;
			children = (
				2E8A49F21AC2AC7800D37B1B /* Info.plist */,
				2E8A49F31AC2AC7800D37B1B /* main.m */,
			);
			name = "Supporting Files";
			sourceTree = "<group>";
		};
		2E8A4A0D1AC2AC7800D37B1B /* MyHospitalTests */ = {
			isa = PBXGroup;
			children = (
				2E8A4A101AC2AC7800D37B1B /* MyHospitalTests.m */,
				2E8A4A0E1AC2AC7800D37B1B /* Supporting Files */,
			);
			path = MyHospitalTests;
			sourceTree = "<group>";
		};
		2E8A4A0E1AC2AC7800D37B1B /* Supporting Files */ = {
			isa = PBXGroup;
			children = (
				2E8A4A0F1AC2AC7800D37B1B /* Info.plist */,
			);
			name = "Supporting Files";
			sourceTree = "<group>";
		};
/* End PBXGroup section */

/* Begin PBXNativeTarget section */
		2E8A49ED1AC2AC7700D37B1B /* MyHospital */ = {
			isa = PBXNativeTarget;
			buildConfigurationList = 2E8A4A141AC2AC7800D37B1B /* Build configuration list for PBXNativeTarget "MyHospital" */;
			buildPhases = (
				2E8A49EA1AC2AC7700D37B1B /* Sources */,
				2E8A49EB1AC2AC7700D37B1B /* Frameworks */,
				2E8A49EC1AC2AC7700D37B1B /* Resources */,
			);
			buildRules = (
			);
			dependencies = (
			);
			name = MyHospital;
			productName = MyHospital;
			productReference = 2E8A49EE1AC2AC7700D37B1B /* MyHospital.app */;
			productType = "com.apple.product-type.application";
		};
		2E8A4A091AC2AC7800D37B1B /* MyHospitalTests */ = {
			isa = PBXNativeTarget;
			buildConfigurationList = 2E8A4A171AC2AC7800D37B1B /* Build configuration list for PBXNativeTarget "MyHospitalTests" */;
			buildPhases = (
				2E8A4A061AC2AC7800D37B1B /* Sources */,
				2E8A4A071AC2AC7800D37B1B /* Frameworks */,
				2E8A4A081AC2AC7800D37B1B /* Resources */,
			);
			buildRules = (
			);
			dependencies = (
				2E8A4A0C1AC2AC7800D37B1B /* PBXTargetDependency */,
			);
			name = MyHospitalTests;
			productName = MyHospitalTests;
			productReference = 2E8A4A0A1AC2AC7800D37B1B /* MyHospitalTests.xctest */;
			productType = "com.apple.product-type.bundle.unit-test";
		};
/* End PBXNativeTarget section */

/* Begin PBXProject section */
		2E8A49E61AC2AC7700D37B1B /* Project object */ = {
			isa = PBXProject;
			attributes = {
				LastUpgradeCheck = 0620;
				ORGANIZATIONNAME = XYQS;
				TargetAttributes = {
					2E8A49ED1AC2AC7700D37B1B = {
						CreatedOnToolsVersion = 6.2;
					};
					2E8A4A091AC2AC7800D37B1B = {
						CreatedOnToolsVersion = 6.2;
						TestTargetID = 2E8A49ED1AC2AC7700D37B1B;
					};
				};
			};
			buildConfigurationList = 2E8A49E91AC2AC7700D37B1B /* Build configuration list for PBXProject "MyHospital" */;
			compatibilityVersion = "Xcode 3.2";
			developmentRegion = English;
			hasScannedForEncodings = 0;
			knownRegions = (
				en,
				Base,
			);
			mainGroup = 2E8A49E51AC2AC7700D37B1B;
			productRefGroup = 2E8A49EF1AC2AC7700D37B1B /* Products */;
			projectDirPath = "";
			projectRoot = "";
			targets = (
				2E8A49ED1AC2AC7700D37B1B /* MyHospital */,
				2E8A4A091AC2AC7800D37B1B /* MyHospitalTests */,
			);
		};
/* End PBXProject section */

/* Begin PBXResourcesBuildPhase section */
		2E8A49EC1AC2AC7700D37B1B /* Resources */ = {
			isa = PBXResourcesBuildPhase;
			buildActionMask = 2147483647;
			files = (
				2E8A4A001AC2AC7800D37B1B /* Main.storyboard in Resources */,
				2E8A4A051AC2AC7800D37B1B /* LaunchScreen.xib in Resources */,
				2E8A4A021AC2AC7800D37B1B /* Images.xcassets in Resources */,
			);
			runOnlyForDeploymentPostprocessing = 0;
		};
		2E8A4A081AC2AC7800D37B1B /* Resources */ = {
			isa = PBXResourcesBuildPhase;
			buildActionMask = 2147483647;
			files = (
			);
			runOnlyForDeploymentPostprocessing = 0;
		};
/* End PBXResourcesBuildPhase section */

/* Begin PBXSourcesBuildPhase section */
		2E8A49EA1AC2AC7700D37B1B /* Sources */ = {
			isa = PBXSourcesBuildPhase;
			buildActionMask = 2147483647;
			files = (
				2E8A49FA1AC2AC7800D37B1B /* MyHospital.xcdatamodeld in Sources */,
				2E8A49F71AC2AC7800D37B1B /* AppDelegate.m in Sources */,
				2E8A49FD1AC2AC7800D37B1B /* ViewController.m in Sources */,
				2E8A49F41AC2AC7800D37B1B /* main.m in Sources */,
			);
			runOnlyForDeploymentPostprocessing = 0;
		};
		2E8A4A061AC2AC7800D37B1B /* Sources */ = {
			isa = PBXSourcesBuildPhase;
			buildActionMask = 2147483647;
			files = (
				2E8A4A111AC2AC7800D37B1B /* MyHospitalTests.m in Sources */,
			);
			runOnlyForDeploymentPostprocessing = 0;
		};
/* End PBXSourcesBuildPhase section */

/* Begin PBXTargetDependency section */
		2E8A4A0C1AC2AC7800D37B1B /* PBXTargetDependency */ = {
			isa = PBXTargetDependency;
			target = 2E8A49ED1AC2AC7700D37B1B /* MyHospital */;
			targetProxy = 2E8A4A0B1AC2AC7800D37B1B /* PBXContainerItemProxy */;
		};
/* End PBXTargetDependency section */

/* Begin PBXVariantGroup section */
		2E8A49FE1AC2AC7800D37B1B /* Main.storyboard */ = {
			isa = PBXVariantGroup;
			children = (
				2E8A49FF1AC2AC7800D37B1B /* Base */,
			);
			name = Main.storyboard;
			sourceTree = "<group>";
		};
		2E8A4A031AC2AC7800D37B1B /* LaunchScreen.xib */ = {
			isa = PBXVariantGroup;
			children = (
				2E8A4A041AC2AC7800D37B1B /* Base */,
			);
			name = LaunchScreen.xib;
			sourceTree = "<group>";
		};
/* End PBXVariantGroup section */

/* Begin XCBuildConfiguration section */
		2E8A4A121AC2AC7800D37B1B /* Debug */ = {
			isa = XCBuildConfiguration;
			buildSettings = {
				ALWAYS_SEARCH_USER_PATHS = NO;
				CLANG_CXX_LANGUAGE_STANDARD = "gnu++0x";
				CLANG_CXX_LIBRARY = "libc++";
				CLANG_ENABLE_MODULES = YES;
				CLANG_ENABLE_OBJC_ARC = YES;
				CLANG_WARN_BOOL_CONVERSION = YES;
				CLANG_WARN_CONSTANT_CONVERSION = YES;
				CLANG_WARN_DIRECT_OBJC_ISA_USAGE = YES_ERROR;
				CLANG_WARN_EMPTY_BODY = YES;
				CLANG_WARN_ENUM_CONVERSION = YES;
				CLANG_WARN_INT_CONVERSION = YES;
				CLANG_WARN_OBJC_ROOT_CLASS = YES_ERROR;
				CLANG_WARN_UNREACHABLE_CODE = YES;
				CLANG_WARN__DUPLICATE_METHOD_MATCH = YES;
				"CODE_SIGN_IDENTITY[sdk=iphoneos*]" = "iPhone Developer";
				COPY_PHASE_STRIP = NO;
				ENABLE_STRICT_OBJC_MSGSEND = YES;
				GCC_C_LANGUAGE_STANDARD = gnu99;
				GCC_DYNAMIC_NO_PIC = NO;
				GCC_OPTIMIZATION_LEVEL = 0;
				GCC_PREPROCESSOR_DEFINITIONS = (
					"DEBUG=1",
					"$(inherited)",
				);
				GCC_SYMBOLS_PRIVATE_EXTERN = NO;
				GCC_WARN_64_TO_32_BIT_CONVERSION = YES;
				GCC_WARN_ABOUT_RETURN_TYPE = YES_ERROR;
				GCC_WARN_UNDECLARED_SELECTOR = YES;
				GCC_WARN_UNINITIALIZED_AUTOS = YES_AGGRESSIVE;
				GCC_WARN_UNUSED_FUNCTION = YES;
				GCC_WARN_UNUSED_VARIABLE = YES;
				IPHONEOS_DEPLOYMENT_TARGET = 8.2;
				MTL_ENABLE_DEBUG_INFO = YES;
				ONLY_ACTIVE_ARCH = YES;
				SDKROOT = iphoneos;
			};
			name = Debug;
		};
		2E8A4A131AC2AC7800D37B1B /* Release */ = {
			isa = XCBuildConfiguration;
			buildSettings = {
				ALWAYS_SEARCH_USER_PATHS = NO;
				CLANG_CXX_LANGUAGE_STANDARD = "gnu++0x";
				CLANG_CXX_LIBRARY = "libc++";
				CLANG_ENABLE_MODULES = YES;
				CLANG_ENABLE_OBJC_ARC = YES;
				CLANG_WARN_BOOL_CONVERSION = YES;
				CLANG_WARN_CONSTANT_CONVERSION = YES;
				CLANG_WARN_DIRECT_OBJC_ISA_USAGE = YES_ERROR;
				CLANG_WARN_EMPTY_BODY = YES;
				CLANG_WARN_ENUM_CONVERSION = YES;
				CLANG_WARN_INT_CONVERSION = YES;
				CLANG_WARN_OBJC_ROOT_CLASS = YES_ERROR;
				CLANG_WARN_UNREACHABLE_CODE = YES;
				CLANG_WARN__DUPLICATE_METHOD_MATCH = YES;
				"CODE_SIGN_IDENTITY[sdk=iphoneos*]" = "iPhone Developer";
				COPY_PHASE_STRIP = NO;
				ENABLE_NS_ASSERTIONS = NO;
				ENABLE_STRICT_OBJC_MSGSEND = YES;
				GCC_C_LANGUAGE_STANDARD = gnu99;
				GCC_WARN_64_TO_32_BIT_CONVERSION = YES;
				GCC_WARN_ABOUT_RETURN_TYPE = YES_ERROR;
				GCC_WARN_UNDECLARED_SELECTOR = YES;
				GCC_WARN_UNINITIALIZED_AUTOS = YES_AGGRESSIVE;
				GCC_WARN_UNUSED_FUNCTION = YES;
				GCC_WARN_UNUSED_VARIABLE = YES;
				IPHONEOS_DEPLOYMENT_TARGET = 8.2;
				MTL_ENABLE_DEBUG_INFO = NO;
				SDKROOT = iphoneos;
				VALIDATE_PRODUCT = YES;
			};
			name = Release;
		};
		2E8A4A151AC2AC7800D37B1B /* Debug */ = {
			isa = XCBuildConfiguration;
			buildSettings = {
				ASSETCATALOG_COMPILER_APPICON_NAME = AppIcon;
				INFOPLIST_FILE = MyHospital/Info.plist;
				LD_RUNPATH_SEARCH_PATHS = "$(inherited) @executable_path/Frameworks";
				PRODUCT_NAME = "$(TARGET_NAME)";
			};
			name = Debug;
		};
		2E8A4A161AC2AC7800D37B1B /* Release */ = {
			isa = XCBuildConfiguration;
			buildSettings = {
				ASSETCATALOG_COMPILER_APPICON_NAME = AppIcon;
				INFOPLIST_FILE = MyHospital/Info.plist;
				LD_RUNPATH_SEARCH_PATHS = "$(inherited) @executable_path/Frameworks";
				PRODUCT_NAME = "$(TARGET_NAME)";
			};
			name = Release;
		};
		2E8A4A181AC2AC7800D37B1B /* Debug */ = {
			isa = XCBuildConfiguration;
			buildSettings = {
				BUNDLE_LOADER = "$(TEST_HOST)";
				FRAMEWORK_SEARCH_PATHS = (
					"$(SDKROOT)/Developer/Library/Frameworks",
					"$(inherited)",
				);
				GCC_PREPROCESSOR_DEFINITIONS = (
					"DEBUG=1",
					"$(inherited)",
				);
				INFOPLIST_FILE = MyHospitalTests/Info.plist;
				LD_RUNPATH_SEARCH_PATHS = "$(inherited) @executable_path/Frameworks @loader_path/Frameworks";
				PRODUCT_NAME = "$(TARGET_NAME)";
				TEST_HOST = "$(BUILT_PRODUCTS_DIR)/MyHospital.app/MyHospital";
			};
			name = Debug;
		};
		2E8A4A191AC2AC7800D37B1B /* Release */ = {
			isa = XCBuildConfiguration;
			buildSettings = {
				BUNDLE_LOADER = "$(TEST_HOST)";
				FRAMEWORK_SEARCH_PATHS = (
					"$(SDKROOT)/Developer/Library/Frameworks",
					"$(inherited)",
				);
				INFOPLIST_FILE = MyHospitalTests/Info.plist;
				LD_RUNPATH_SEARCH_PATHS = "$(inherited) @executable_path/Frameworks @loader_path/Frameworks";
				PRODUCT_NAME = "$(TARGET_NAME)";
				TEST_HOST = "$(BUILT_PRODUCTS_DIR)/MyHospital.app/MyHospital";
			};
			name = Release;
		};
/* End XCBuildConfiguration section */

/* Begin XCConfigurationList section */
		2E8A49E91AC2AC7700D37B1B /* Build configuration list for PBXProject "MyHospital" */ = {
			isa = XCConfigurationList;
			buildConfigurations = (
				2E8A4A121AC2AC7800D37B1B /* Debug */,
				2E8A4A131AC2AC7800D37B1B /* Release */,
			);
			defaultConfigurationIsVisible = 0;
			defaultConfigurationName = Release;
		};
		2E8A4A141AC2AC7800D37B1B /* Build configuration list for PBXNativeTarget "MyHospital" */ = {
			isa = XCConfigurationList;
			buildConfigurations = (
				2E8A4A151AC2AC7800D37B1B /* Debug */,
				2E8A4A161AC2AC7800D37B1B /* Release */,
			);
			defaultConfigurationIsVisible = 0;
		};
		2E8A4A171AC2AC7800D37B1B /* Build configuration list for PBXNativeTarget "MyHospitalTests" */ = {
			isa = XCConfigurationList;
			buildConfigurations = (
				2E8A4A181AC2AC7800D37B1B /* Debug */,
				2E8A4A191AC2AC7800D37B1B /* Release */,
			);
			defaultConfigurationIsVisible = 0;
		};
/* End XCConfigurationList section */

/* Begin XCVersionGroup section */
		2E8A49F81AC2AC7800D37B1B /* MyHospital.xcdatamodeld */ = {
			isa = XCVersionGroup;
			children = (
				2E8A49F91AC2AC7800D37B1B /* MyHospital.xcdatamodel */,
			);
			currentVersion = 2E8A49F91AC2AC7800D37B1B /* MyHospital.xcdatamodel */;
			path = MyHospital.xcdatamodeld;
			sourceTree = "<group>";
			versionGroupType = wrapper.xcdatamodel;
		};
/* End XCVersionGroup section */
	};
	rootObject = 2E8A49E61AC2AC7700D37B1B /* Project object */;
}
